
Microsoft Visual Studio Solution File, Format Version 12.00
# Visual Studio Version 17
VisualStudioVersion = 17.0.32002.185
MinimumVisualStudioVersion = 10.0.40219.1
Project("{FAE04EC0-301F-11D3-BF4B-00C04F79EFBC}") = "ComicsStore", "ComicsStore\ComicsStore.csproj", "{5A27BF74-8CF3-4DAD-972A-3F31FBBCE600}"
EndProject
Global
	GlobalSection(SolutionConfigurationPlatforms) = preSolution
		Debug|Any CPU = Debug|Any CPU
		Release|Any CPU = Release|Any CPU
	EndGlobalSection
	GlobalSection(ProjectConfigurationPlatforms) = postSolution
		{5A27BF74-8CF3-4DAD-972A-3F31FBBCE600}.Debug|Any CPU.ActiveCfg = Debug|Any CPU
		{5A27BF74-8CF3-4DAD-972A-3F31FBBCE600}.Debug|Any CPU.Build.0 = Debug|Any CPU
		{5A27BF74-8CF3-4DAD-972A-3F31FBBCE600}.Release|Any CPU.ActiveCfg = Release|Any CPU
		{5A27BF74-8CF3-4DAD-972A-3F31FBBCE600}.Release|Any CPU.Build.0 = Release|Any CPU
	EndGlobalSection
	GlobalSection(SolutionProperties) = preSolution
		HideSolutionNode = FALSE
	EndGlobalSection
	GlobalSection(ExtensibilityGlobals) = postSolution
		SolutionGuid = {F0331986-A9C3-48CC-9D47-28FA57D865EC}
	EndGlobalSection
EndGlobal
